// !$*UTF8*$!
{
	archiveVersion = 1;
	classes = {
	};
	objectVersion = 55;
	objects = {

/* Begin PBXBuildFile section */
		2BB2AA0E276E2D850037615E /* NeumorphismSwiftUIDemoApp.swift in Sources */ = {isa = PBXBuildFile; fileRef = 2BB2A9FE276E2D820037615E /* NeumorphismSwiftUIDemoApp.swift */; };
		2BB2AA0F276E2D850037615E /* NeumorphismSwiftUIDemoApp.swift in Sources */ = {isa = PBXBuildFile; fileRef = 2BB2A9FE276E2D820037615E /* NeumorphismSwiftUIDemoApp.swift */; };
		2BB2AA10276E2D850037615E /* ContentView.swift in Sources */ = {isa = PBXBuildFile; fileRef = 2BB2A9FF276E2D820037615E /* ContentView.swift */; };
		2BB2AA11276E2D850037615E /* ContentView.swift in Sources */ = {isa = PBXBuildFile; fileRef = 2BB2A9FF276E2D820037615E /* ContentView.swift */; };
		2BB2AA12276E2D850037615E /* Assets.xcassets in Resources */ = {isa = PBXBuildFile; fileRef = 2BB2AA00276E2D850037615E /* Assets.xcassets */; };
		2BB2AA13276E2D850037615E /* Assets.xcassets in Resources */ = {isa = PBXBuildFile; fileRef = 2BB2AA00276E2D850037615E /* Assets.xcassets */; };
		2BB2AA20276E2E1E0037615E /* NeumorphismSwiftUI in Frameworks */ = {isa = PBXBuildFile; productRef = 2BB2AA1F276E2E1E0037615E /* NeumorphismSwiftUI */; };
/* End PBXBuildFile section */

/* Begin PBXFileReference section */
		2BB2A9FE276E2D820037615E /* NeumorphismSwiftUIDemoApp.swift */ = {isa = PBXFileReference; lastKnownFileType = sourcecode.swift; path = NeumorphismSwiftUIDemoApp.swift; sourceTree = "<group>"; };
		2BB2A9FF276E2D820037615E /* ContentView.swift */ = {isa = PBXFileReference; lastKnownFileType = sourcecode.swift; path = ContentView.swift; sourceTree = "<group>"; };
		2BB2AA00276E2D850037615E /* Assets.xcassets */ = {isa = PBXFileReference; lastKnownFileType = folder.assetcatalog; path = Assets.xcassets; sourceTree = "<group>"; };
		2BB2AA05276E2D850037615E /* NeumorphismSwiftUIDemo.app */ = {isa = PBXFileReference; explicitFileType = wrapper.application; includeInIndex = 0; path = NeumorphismSwiftUIDemo.app; sourceTree = BUILT_PRODUCTS_DIR; };
		2BB2AA0B276E2D850037615E /* NeumorphismSwiftUIDemo.app */ = {isa = PBXFileReference; explicitFileType = wrapper.application; includeInIndex = 0; path = NeumorphismSwiftUIDemo.app; sourceTree = BUILT_PRODUCTS_DIR; };
		2BB2AA0D276E2D850037615E /* macOS.entitlements */ = {isa = PBXFileReference; lastKnownFileType = text.plist.entitlements; path = macOS.entitlements; sourceTree = "<group>"; };
		2BB2AA1D276E2DE30037615E /* NeumorphismSwiftUI */ = {isa = PBXFileReference; lastKnownFileType = folder; name = NeumorphismSwiftUI; path = ..; sourceTree = "<group>"; };
/* End PBXFileReference section */

/* Begin PBXFrameworksBuildPhase section */
		2BB2AA02276E2D850037615E /* Frameworks */ = {
			isa = PBXFrameworksBuildPhase;
			buildActionMask = 2147483647;
			files = (
				2BB2AA20276E2E1E0037615E /* NeumorphismSwiftUI in Frameworks */,
			);
			runOnlyForDeploymentPostprocessing = 0;
		};
		2BB2AA08276E2D850037615E /* Frameworks */ = {
			isa = PBXFrameworksBuildPhase;
			buildActionMask = 2147483647;
			files = (
			);
			runOnlyForDeploymentPostprocessing = 0;
		};
/* End PBXFrameworksBuildPhase section */

/* Begin PBXGroup section */
		2BB2A9F8276E2D820037615E = {
			isa = PBXGroup;
			children = (
				2BB2AA1C276E2DE30037615E /* Packages */,
				2BB2A9FD276E2D820037615E /* Shared */,
				2BB2AA0C276E2D850037615E /* macOS */,
				2BB2AA06276E2D850037615E /* Products */,
				2BB2AA1E276E2E1E0037615E /* Frameworks */,
			);
			sourceTree = "<group>";
		};
		2BB2A9FD276E2D820037615E /* Shared */ = {
			isa = PBXGroup;
			children = (
				2BB2A9FE276E2D820037615E /* NeumorphismSwiftUIDemoApp.swift */,
				2BB2A9FF276E2D820037615E /* ContentView.swift */,
				2BB2AA00276E2D850037615E /* Assets.xcassets */,
			);
			path = Shared;
			sourceTree = "<group>";
		};
		2BB2AA06276E2D850037615E /* Products */ = {
			isa = PBXGroup;
			children = (
				2BB2AA05276E2D850037615E /* NeumorphismSwiftUIDemo.app */,
				2BB2AA0B276E2D850037615E /* NeumorphismSwiftUIDemo.app */,
			);
			name = Products;
			sourceTree = "<group>";
		};
		2BB2AA0C276E2D850037615E /* macOS */ = {
			isa = PBXGroup;
			children = (
				2BB2AA0D276E2D850037615E /* macOS.entitlements */,
			);
			path = macOS;
			sourceTree = "<group>";
		};
		2BB2AA1C276E2DE30037615E /* Packages */ = {
			isa = PBXGroup;
			children = (
				2BB2AA1D276E2DE30037615E /* NeumorphismSwiftUI */,
			);
			name = Packages;
			sourceTree = "<group>";
		};
		2BB2AA1E276E2E1E0037615E /* Frameworks */ = {
			isa = PBXGroup;
			children = (
			);
			name = Frameworks;
			sourceTree = "<group>";
		};
/* End PBXGroup section */

/* Begin PBXNativeTarget section */
		2BB2AA04276E2D850037615E /* NeumorphismSwiftUIDemo (iOS) */ = {
			isa = PBXNativeTarget;
			buildConfigurationList = 2BB2AA16276E2D850037615E /* Build configuration list for PBXNativeTarget "NeumorphismSwiftUIDemo (iOS)" */;
			buildPhases = (
				2BB2AA01276E2D850037615E /* Sources */,
				2BB2AA02276E2D850037615E /* Frameworks */,
				2BB2AA03276E2D850037615E /* Resources */,
			);
			buildRules = (
			);
			dependencies = (
			);
			name = "NeumorphismSwiftUIDemo (iOS)";
			packageProductDependencies = (
				2BB2AA1F276E2E1E0037615E /* NeumorphismSwiftUI */,
			);
			productName = "NeumorphismSwiftUIDemo (iOS)";
			productReference = 2BB2AA05276E2D850037615E /* NeumorphismSwiftUIDemo.app */;
			productType = "com.apple.product-type.application";
		};
		2BB2AA0A276E2D850037615E /* NeumorphismSwiftUIDemo (macOS) */ = {
			isa = PBXNativeTarget;
			buildConfigurationList = 2BB2AA19276E2D850037615E /* Build configuration list for PBXNativeTarget "NeumorphismSwiftUIDemo (macOS)" */;
			buildPhases = (
				2BB2AA07276E2D850037615E /* Sources */,
				2BB2AA08276E2D850037615E /* Frameworks */,
				2BB2AA09276E2D850037615E /* Resources */,
			);
			buildRules = (
			);
			dependencies = (
			);
			name = "NeumorphismSwiftUIDemo (macOS)";
			productName = "NeumorphismSwiftUIDemo (macOS)";
			productReference = 2BB2AA0B276E2D850037615E /* NeumorphismSwiftUIDemo.app */;
			productType = "com.apple.product-type.application";
		};
/* End PBXNativeTarget section */

/* Begin PBXProject section */
		2BB2A9F9276E2D820037615E /* Project object */ = {
			isa = PBXProject;
			attributes = {
				BuildIndependentTargetsInParallel = 1;
				LastSwiftUpdateCheck = 1310;
				LastUpgradeCheck = 1310;
				TargetAttributes = {
					2BB2AA04276E2D850037615E = {
						CreatedOnToolsVersion = 13.1;
					};
					2BB2AA0A276E2D850037615E = {
						CreatedOnToolsVersion = 13.1;
					};
				};
			};
			buildConfigurationList = 2BB2A9FC276E2D820037615E /* Build configuration list for PBXProject "NeumorphismSwiftUIDemo" */;
			compatibilityVersion = "Xcode 13.0";
			developmentRegion = en;
			hasScannedForEncodings = 0;
			knownRegions = (
				en,
				Base,
			);
			mainGroup = 2BB2A9F8276E2D820037615E;
			productRefGroup = 2BB2AA06276E2D850037615E /* Products */;
			projectDirPath = "";
			projectRoot = "";
			targets = (
				2BB2AA04276E2D850037615E /* NeumorphismSwiftUIDemo (iOS) */,
				2BB2AA0A276E2D850037615E /* NeumorphismSwiftUIDemo (macOS) */,
			);
		};
/* End PBXProject section */

/* Begin PBXResourcesBuildPhase section */
		2BB2AA03276E2D850037615E /* Resources */ = {
			isa = PBXResourcesBuildPhase;
			buildActionMask = 2147483647;
			files = (
				2BB2AA12276E2D850037615E /* Assets.xcassets in Resources */,
			);
			runOnlyForDeploymentPostprocessing = 0;
		};
		2BB2AA09276E2D850037615E /* Resources */ = {
			isa = PBXResourcesBuildPhase;
			buildActionMask = 2147483647;
			files = (
				2BB2AA13276E2D850037615E /* Assets.xcassets in Resources */,
			);
			runOnlyForDeploymentPostprocessing = 0;
		};
/* End PBXResourcesBuildPhase section */

/* Begin PBXSourcesBuildPhase section */
		2BB2AA01276E2D850037615E /* Sources */ = {
			isa = PBXSourcesBuildPhase;
			buildActionMask = 2147483647;
			files = (
				2BB2AA10276E2D850037615E /* ContentView.swift in Sources */,
				2BB2AA0E276E2D850037615E /* NeumorphismSwiftUIDemoApp.swift in Sources */,
			);
			runOnlyForDeploymentPostprocessing = 0;
		};
		2BB2AA07276E2D850037615E /* Sources */ = {
			isa = PBXSourcesBuildPhase;
			buildActionMask = 2147483647;
			files = (
				2BB2AA11276E2D850037615E /* ContentView.swift in Sources */,
				2BB2AA0F276E2D850037615E /* NeumorphismSwiftUIDemoApp.swift in Sources */,
			);
			runOnlyForDeploymentPostprocessing = 0;
		};
/* End PBXSourcesBuildPhase section */

/* Begin XCBuildConfiguration section */
		2BB2AA14276E2D850037615E /* Debug */ = {
			isa = XCBuildConfiguration;
			buildSettings = {
				ALWAYS_SEARCH_USER_PATHS = NO;
				CLANG_ANALYZER_NONNULL = YES;
				CLANG_ANALYZER_NUMBER_OBJECT_CONVERSION = YES_AGGRESSIVE;
				CLANG_CXX_LANGUAGE_STANDARD = "gnu++17";
				CLANG_CXX_LIBRARY = "libc++";
				CLANG_ENABLE_MODULES = YES;
				CLANG_ENABLE_OBJC_ARC = YES;
				CLANG_ENABLE_OBJC_WEAK = YES;
				CLANG_WARN_BLOCK_CAPTURE_AUTORELEASING = YES;
				CLANG_WARN_BOOL_CONVERSION = YES;
				CLANG_WARN_COMMA = YES;
				CLANG_WARN_CONSTANT_CONVERSION = YES;
				CLANG_WARN_DEPRECATED_OBJC_IMPLEMENTATIONS = YES;
				CLANG_WARN_DIRECT_OBJC_ISA_USAGE = YES_ERROR;
				CLANG_WARN_DOCUMENTATION_COMMENTS = YES;
				CLANG_WARN_EMPTY_BODY = YES;
				CLANG_WARN_ENUM_CONVERSION = YES;
				CLANG_WARN_INFINITE_RECURSION = YES;
				CLANG_WARN_INT_CONVERSION = YES;
				CLANG_WARN_NON_LITERAL_NULL_CONVERSION = YES;
				CLANG_WARN_OBJC_IMPLICIT_RETAIN_SELF = YES;
				CLANG_WARN_OBJC_LITERAL_CONVERSION = YES;
				CLANG_WARN_OBJC_ROOT_CLASS = YES_ERROR;
				CLANG_WARN_QUOTED_INCLUDE_IN_FRAMEWORK_HEADER = YES;
				CLANG_WARN_RANGE_LOOP_ANALYSIS = YES;
				CLANG_WARN_STRICT_PROTOTYPES = YES;
				CLANG_WARN_SUSPICIOUS_MOVE = YES;
				CLANG_WARN_UNGUARDED_AVAILABILITY = YES_AGGRESSIVE;
				CLANG_WARN_UNREACHABLE_CODE = YES;
				CLANG_WARN__DUPLICATE_METHOD_MATCH = YES;
				COPY_PHASE_STRIP = NO;
				DEBUG_INFORMATION_FORMAT = dwarf;
				ENABLE_STRICT_OBJC_MSGSEND = YES;
				ENABLE_TESTABILITY = YES;
				GCC_C_LANGUAGE_STANDARD = gnu11;
				GCC_DYNAMIC_NO_PIC = NO;
				GCC_NO_COMMON_BLOCKS = YES;
				GCC_OPTIMIZATION_LEVEL = 0;
				GCC_PREPROCESSOR_DEFINITIONS = (
					"DEBUG=1",
					"$(inherited)",
				);
				GCC_WARN_64_TO_32_BIT_CONVERSION = YES;
				GCC_WARN_ABOUT_RETURN_TYPE = YES_ERROR;
				GCC_WARN_UNDECLARED_SELECTOR = YES;
				GCC_WARN_UNINITIALIZED_AUTOS = YES_AGGRESSIVE;
				GCC_WARN_UNUSED_FUNCTION = YES;
				GCC_WARN_UNUSED_VARIABLE = YES;
				IPHONEOS_DEPLOYMENT_TARGET = 14.0;
				MACOSX_DEPLOYMENT_TARGET = 11.0;
				MTL_ENABLE_DEBUG_INFO = INCLUDE_SOURCE;
				MTL_FAST_MATH = YES;
				ONLY_ACTIVE_ARCH = YES;
				SWIFT_ACTIVE_COMPILATION_CONDITIONS = DEBUG;
				SWIFT_OPTIMIZATION_LEVEL = "-Onone";
			};
			name = Debug;
		};
		2BB2AA15276E2D850037615E /* Release */ = {
			isa = XCBuildConfiguration;
			buildSettings = {
				ALWAYS_SEARCH_USER_PATHS = NO;
				CLANG_ANALYZER_NONNULL = YES;
				CLANG_ANALYZER_NUMBER_OBJECT_CONVERSION = YES_AGGRESSIVE;
				CLANG_CXX_LANGUAGE_STANDARD = "gnu++17";
				CLANG_CXX_LIBRARY = "libc++";
				CLANG_ENABLE_MODULES = YES;
				CLANG_ENABLE_OBJC_ARC = YES;
				CLANG_ENABLE_OBJC_WEAK = YES;
				CLANG_WARN_BLOCK_CAPTURE_AUTORELEASING = YES;
				CLANG_WARN_BOOL_CONVERSION = YES;
				CLANG_WARN_COMMA = YES;
				CLANG_WARN_CONSTANT_CONVERSION = YES;
				CLANG_WARN_DEPRECATED_OBJC_IMPLEMENTATIONS = YES;
				CLANG_WARN_DIRECT_OBJC_ISA_USAGE = YES_ERROR;
				CLANG_WARN_DOCUMENTATION_COMMENTS = YES;
				CLANG_WARN_EMPTY_BODY = YES;
				CLANG_WARN_ENUM_CONVERSION = YES;
				CLANG_WARN_INFINITE_RECURSION = YES;
				CLANG_WARN_INT_CONVERSION = YES;
				CLANG_WARN_NON_LITERAL_NULL_CONVERSION = YES;
				CLANG_WARN_OBJC_IMPLICIT_RETAIN_SELF = YES;
				CLANG_WARN_OBJC_LITERAL_CONVERSION = YES;
				CLANG_WARN_OBJC_ROOT_CLASS = YES_ERROR;
				CLANG_WARN_QUOTED_INCLUDE_IN_FRAMEWORK_HEADER = YES;
				CLANG_WARN_RANGE_LOOP_ANALYSIS = YES;
				CLANG_WARN_STRICT_PROTOTYPES = YES;
				CLANG_WARN_SUSPICIOUS_MOVE = YES;
				CLANG_WARN_UNGUARDED_AVAILABILITY = YES_AGGRESSIVE;
				CLANG_WARN_UNREACHABLE_CODE = YES;
				CLANG_WARN__DUPLICATE_METHOD_MATCH = YES;
				COPY_PHASE_STRIP = NO;
				DEBUG_INFORMATION_FORMAT = "dwarf-with-dsym";
				ENABLE_NS_ASSERTIONS = NO;
				ENABLE_STRICT_OBJC_MSGSEND = YES;
				GCC_C_LANGUAGE_STANDARD = gnu11;
				GCC_NO_COMMON_BLOCKS = YES;
				GCC_WARN_64_TO_32_BIT_CONVERSION = YES;
				GCC_WARN_ABOUT_RETURN_TYPE = YES_ERROR;
				GCC_WARN_UNDECLARED_SELECTOR = YES;
				GCC_WARN_UNINITIALIZED_AUTOS = YES_AGGRESSIVE;
				GCC_WARN_UNUSED_FUNCTION = YES;
				GCC_WARN_UNUSED_VARIABLE = YES;
				IPHONEOS_DEPLOYMENT_TARGET = 14.0;
				MACOSX_DEPLOYMENT_TARGET = 11.0;
				MTL_ENABLE_DEBUG_INFO = NO;
				MTL_FAST_MATH = YES;
				SWIFT_COMPILATION_MODE = wholemodule;
				SWIFT_OPTIMIZATION_LEVEL = "-O";
			};
			name = Release;
		};
		2BB2AA17276E2D850037615E /* Debug */ = {
			isa = XCBuildConfiguration;
			buildSettings = {
				ASSETCATALOG_COMPILER_APPICON_NAME = AppIcon;
				ASSETCATALOG_COMPILER_GLOBAL_ACCENT_COLOR_NAME = AccentColor;
				CODE_SIGN_STYLE = Manual;
				CURRENT_PROJECT_VERSION = 1;
				DEVELOPMENT_TEAM = "";
				ENABLE_PREVIEWS = YES;
				GENERATE_INFOPLIST_FILE = YES;
				INFOPLIST_KEY_UIApplicationSceneManifest_Generation = YES;
				INFOPLIST_KEY_UIApplicationSupportsIndirectInputEvents = YES;
				INFOPLIST_KEY_UILaunchScreen_Generation = YES;
				INFOPLIST_KEY_UISupportedInterfaceOrientations_iPad = "UIInterfaceOrientationPortrait UIInterfaceOrientationPortraitUpsideDown UIInterfaceOrientationLandscapeLeft UIInterfaceOrientationLandscapeRight";
				INFOPLIST_KEY_UISupportedInterfaceOrientations_iPhone = "UIInterfaceOrientationPortrait UIInterfaceOrientationLandscapeLeft UIInterfaceOrientationLandscapeRight";
				IPHONEOS_DEPLOYMENT_TARGET = 14.0;
				LD_RUNPATH_SEARCH_PATHS = (
					"$(inherited)",
					"@executable_path/Frameworks",
				);
				MARKETING_VERSION = 1.0;
				PRODUCT_BUNDLE_IDENTIFIER = com.teenloong.NeumorphismSwiftUIDemo;
				PRODUCT_NAME = NeumorphismSwiftUIDemo;
				PROVISIONING_PROFILE_SPECIFIER = "";
				SDKROOT = iphoneos;
				SWIFT_EMIT_LOC_STRINGS = YES;
				SWIFT_VERSION = 5.0;
				TARGETED_DEVICE_FAMILY = "1,2";
			};
			name = Debug;
		};
		2BB2AA18276E2D850037615E /* Release */ = {
			isa = XCBuildConfiguration;
			buildSettings = {
				ASSETCATALOG_COMPILER_APPICON_NAME = AppIcon;
				ASSETCATALOG_COMPILER_GLOBAL_ACCENT_COLOR_NAME = AccentColor;
				CODE_SIGN_STYLE = Manual;
				CURRENT_PROJECT_VERSION = 1;
				DEVELOPMENT_TEAM = "";
				ENABLE_PREVIEWS = YES;
				GENERATE_INFOPLIST_FILE = YES;
				INFOPLIST_KEY_UIApplicationSceneManifest_Generation = YES;
				INFOPLIST_KEY_UIApplicationSupportsIndirectInputEvents = YES;
				INFOPLIST_KEY_UILaunchScreen_Generation = YES;
				INFOPLIST_KEY_UISupportedInterfaceOrientations_iPad = "UIInterfaceOrientationPortrait UIInterfaceOrientationPortraitUpsideDown UIInterfaceOrientationLandscapeLeft UIInterfaceOrientationLandscapeRight";
				INFOPLIST_KEY_UISupportedInterfaceOrientations_iPhone = "UIInterfaceOrientationPortrait UIInterfaceOrientationLandscapeLeft UIInterfaceOrientationLandscapeRight";
				IPHONEOS_DEPLOYMENT_TARGET = 14.0;
				LD_RUNPATH_SEARCH_PATHS = (
					"$(inherited)",
					"@executable_path/Frameworks",
				);
				MARKETING_VERSION = 1.0;
				PRODUCT_BUNDLE_IDENTIFIER = com.teenloong.NeumorphismSwiftUIDemo;
				PRODUCT_NAME = NeumorphismSwiftUIDemo;
				PROVISIONING_PROFILE_SPECIFIER = "";
				SDKROOT = iphoneos;
				SWIFT_EMIT_LOC_STRINGS = YES;
				SWIFT_VERSION = 5.0;
				TARGETED_DEVICE_FAMILY = "1,2";
				VALIDATE_PRODUCT = YES;
			};
			name = Release;
		};
		2BB2AA1A276E2D850037615E /* Debug */ = {
			isa = XCBuildConfiguration;
			buildSettings = {
				ASSETCATALOG_COMPILER_APPICON_NAME = AppIcon;
				ASSETCATALOG_COMPILER_GLOBAL_ACCENT_COLOR_NAME = AccentColor;
				CODE_SIGN_ENTITLEMENTS = macOS/macOS.entitlements;
				CODE_SIGN_STYLE = Automatic;
				COMBINE_HIDPI_IMAGES = YES;
				CURRENT_PROJECT_VERSION = 1;
				DEVELOPMENT_TEAM = D6NGHAR2FG;
				ENABLE_HARDENED_RUNTIME = YES;
				ENABLE_PREVIEWS = YES;
				GENERATE_INFOPLIST_FILE = YES;
				INFOPLIST_KEY_NSHumanReadableCopyright = "";
				LD_RUNPATH_SEARCH_PATHS = (
					"$(inherited)",
					"@executable_path/../Frameworks",
				);
				MACOSX_DEPLOYMENT_TARGET = 11.0;
				MARKETING_VERSION = 1.0;
				PRODUCT_BUNDLE_IDENTIFIER = com.teenloong.NeumorphismSwiftUIDemo;
				PRODUCT_NAME = NeumorphismSwiftUIDemo;
				SDKROOT = macosx;
				SWIFT_EMIT_LOC_STRINGS = YES;
				SWIFT_VERSION = 5.0;
			};
			name = Debug;
		};
		2BB2AA1B276E2D850037615E /* Release */ = {
			isa = XCBuildConfiguration;
			buildSettings = {
				ASSETCATALOG_COMPILER_APPICON_NAME = AppIcon;
				ASSETCATALOG_COMPILER_GLOBAL_ACCENT_COLOR_NAME = AccentColor;
				CODE_SIGN_ENTITLEMENTS = macOS/macOS.entitlements;
				CODE_SIGN_STYLE = Automatic;
				COMBINE_HIDPI_IMAGES = YES;
				CURRENT_PROJECT_VERSION = 1;
				DEVELOPMENT_TEAM = D6NGHAR2FG;
				ENABLE_HARDENED_RUNTIME = YES;
				ENABLE_PREVIEWS = YES;
				GENERATE_INFOPLIST_FILE = YES;
				INFOPLIST_KEY_NSHumanReadableCopyright = "";
				LD_RUNPATH_SEARCH_PATHS = (
					"$(inherited)",
					"@executable_path/../Frameworks",
				);
				MACOSX_DEPLOYMENT_TARGET = 11.0;
				MARKETING_VERSION = 1.0;
				PRODUCT_BUNDLE_IDENTIFIER = com.teenloong.NeumorphismSwiftUIDemo;
				PRODUCT_NAME = NeumorphismSwiftUIDemo;
				SDKROOT = macosx;
				SWIFT_EMIT_LOC_STRINGS = YES;
				SWIFT_VERSION = 5.0;
			};
			name = Release;
		};
/* End XCBuildConfiguration section */

/* Begin XCConfigurationList section */
		2BB2A9FC276E2D820037615E /* Build configuration list for PBXProject "NeumorphismSwiftUIDemo" */ = {
			isa = XCConfigurationList;
			buildConfigurations = (
				2BB2AA14276E2D850037615E /* Debug */,
				2BB2AA15276E2D850037615E /* Release */,
			);
			defaultConfigurationIsVisible = 0;
			defaultConfigurationName = Release;
		};
		2BB2AA16276E2D850037615E /* Build configuration list for PBXNativeTarget "NeumorphismSwiftUIDemo (iOS)" */ = {
			isa = XCConfigurationList;
			buildConfigurations = (
				2BB2AA17276E2D850037615E /* Debug */,
				2BB2AA18276E2D850037615E /* Release */,
			);
			defaultConfigurationIsVisible = 0;
			defaultConfigurationName = Release;
		};
		2BB2AA19276E2D850037615E /* Build configuration list for PBXNativeTarget "NeumorphismSwiftUIDemo (macOS)" */ = {
			isa = XCConfigurationList;
			buildConfigurations = (
				2BB2AA1A276E2D850037615E /* Debug */,
				2BB2AA1B276E2D850037615E /* Release */,
			);
			defaultConfigurationIsVisible = 0;
			defaultConfigurationName = Release;
		};
/* End XCConfigurationList section */

/* Begin XCSwiftPackageProductDependency section */
		2BB2AA1F276E2E1E0037615E /* NeumorphismSwiftUI */ = {
			isa = XCSwiftPackageProductDependency;
			productName = NeumorphismSwiftUI;
		};
/* End XCSwiftPackageProductDependency section */
	};
	rootObject = 2BB2A9F9276E2D820037615E /* Project object */;
}
